
Microsoft Visual Studio Solution File, Format Version 12.00
# Visual Studio Version 17
VisualStudioVersion = 17.4.33403.182
MinimumVisualStudioVersion = 10.0.40219.1
Project("{FAE04EC0-301F-11D3-BF4B-00C04F79EFBC}") = "ProductManagement.API", "ProductManagement\ProductManagement.API.csproj", "{2A5D9A31-4957-4655-940D-9C7641EDCA05}"
EndProject
Project("{FAE04EC0-301F-11D3-BF4B-00C04F79EFBC}") = "Domain", "Domain\Domain.csproj", "{E742593A-D3E6-4BD8-9A87-A36668A9D68A}"
EndProject
Project("{FAE04EC0-301F-11D3-BF4B-00C04F79EFBC}") = "DataAccessEF", "DataAccessEF\DataAccessEF.csproj", "{FF72A9FC-7DF5-47C5-A322-A827B519698E}"
EndProject
Global
	GlobalSection(SolutionConfigurationPlatforms) = preSolution
		Debug|Any CPU = Debug|Any CPU
		Release|Any CPU = Release|Any CPU
	EndGlobalSection
	GlobalSection(ProjectConfigurationPlatforms) = postSolution
		{2A5D9A31-4957-4655-940D-9C7641EDCA05}.Debug|Any CPU.ActiveCfg = Debug|Any CPU
		{2A5D9A31-4957-4655-940D-9C7641EDCA05}.Debug|Any CPU.Build.0 = Debug|Any CPU
		{2A5D9A31-4957-4655-940D-9C7641EDCA05}.Release|Any CPU.ActiveCfg = Release|Any CPU
		{2A5D9A31-4957-4655-940D-9C7641EDCA05}.Release|Any CPU.Build.0 = Release|Any CPU
		{E742593A-D3E6-4BD8-9A87-A36668A9D68A}.Debug|Any CPU.ActiveCfg = Debug|Any CPU
		{E742593A-D3E6-4BD8-9A87-A36668A9D68A}.Debug|Any CPU.Build.0 = Debug|Any CPU
		{E742593A-D3E6-4BD8-9A87-A36668A9D68A}.Release|Any CPU.ActiveCfg = Release|Any CPU
		{E742593A-D3E6-4BD8-9A87-A36668A9D68A}.Release|Any CPU.Build.0 = Release|Any CPU
		{FF72A9FC-7DF5-47C5-A322-A827B519698E}.Debug|Any CPU.ActiveCfg = Debug|Any CPU
		{FF72A9FC-7DF5-47C5-A322-A827B519698E}.Debug|Any CPU.Build.0 = Debug|Any CPU
		{FF72A9FC-7DF5-47C5-A322-A827B519698E}.Release|Any CPU.ActiveCfg = Release|Any CPU
		{FF72A9FC-7DF5-47C5-A322-A827B519698E}.Release|Any CPU.Build.0 = Release|Any CPU
	EndGlobalSection
	GlobalSection(SolutionProperties) = preSolution
		HideSolutionNode = FALSE
	EndGlobalSection
	GlobalSection(ExtensibilityGlobals) = postSolution
		SolutionGuid = {0B8076C7-7F80-4530-9F9F-A92879FA3BF7}
	EndGlobalSection
EndGlobal
